
Microsoft Visual Studio Solution File, Format Version 12.00
# Visual Studio Version 17
VisualStudioVersion = 17.3.32929.385
MinimumVisualStudioVersion = 10.0.40219.1
Project("{FAE04EC0-301F-11D3-BF4B-00C04F79EFBC}") = "Task_1", "Task_6\Task_1.csproj", "{D423CED1-2FCE-4D28-9F32-215FA76F110A}"
EndProject
Project("{FAE04EC0-301F-11D3-BF4B-00C04F79EFBC}") = "Task_2", "Task_2\Task_2.csproj", "{655C0F70-6109-4539-983F-B5DD085FB1D9}"
EndProject
Global
	GlobalSection(SolutionConfigurationPlatforms) = preSolution
		Debug|Any CPU = Debug|Any CPU
		Release|Any CPU = Release|Any CPU
	EndGlobalSection
	GlobalSection(ProjectConfigurationPlatforms) = postSolution
		{D423CED1-2FCE-4D28-9F32-215FA76F110A}.Debug|Any CPU.ActiveCfg = Debug|Any CPU
		{D423CED1-2FCE-4D28-9F32-215FA76F110A}.Debug|Any CPU.Build.0 = Debug|Any CPU
		{D423CED1-2FCE-4D28-9F32-215FA76F110A}.Release|Any CPU.ActiveCfg = Release|Any CPU
		{D423CED1-2FCE-4D28-9F32-215FA76F110A}.Release|Any CPU.Build.0 = Release|Any CPU
		{655C0F70-6109-4539-983F-B5DD085FB1D9}.Debug|Any CPU.ActiveCfg = Debug|Any CPU
		{655C0F70-6109-4539-983F-B5DD085FB1D9}.Debug|Any CPU.Build.0 = Debug|Any CPU
		{655C0F70-6109-4539-983F-B5DD085FB1D9}.Release|Any CPU.ActiveCfg = Release|Any CPU
		{655C0F70-6109-4539-983F-B5DD085FB1D9}.Release|Any CPU.Build.0 = Release|Any CPU
	EndGlobalSection
	GlobalSection(SolutionProperties) = preSolution
		HideSolutionNode = FALSE
	EndGlobalSection
	GlobalSection(ExtensibilityGlobals) = postSolution
		SolutionGuid = {63E2BDDD-4724-4303-956D-7E468D877764}
	EndGlobalSection
EndGlobal
